
Microsoft Visual Studio Solution File, Format Version 12.00
Project("{FAE04EC0-301F-11D3-BF4B-00C04F79EFBC}") = "ReactivehubSDK", "ReactivehubSDK\ReactivehubSDK.csproj", "{752CCEF6-C4C3-45AC-BF0A-B57F97E4CDEE}"
EndProject
Global
	GlobalSection(SolutionConfigurationPlatforms) = preSolution
		Debug|Any CPU = Debug|Any CPU
		Release|Any CPU = Release|Any CPU
	EndGlobalSection
	GlobalSection(ProjectConfigurationPlatforms) = postSolution
		{752CCEF6-C4C3-45AC-BF0A-B57F97E4CDEE}.Release|Any CPU.ActiveCfg = Release|Any CPU
		{752CCEF6-C4C3-45AC-BF0A-B57F97E4CDEE}.Release|Any CPU.Build.0 = Release|Any CPU
		{752CCEF6-C4C3-45AC-BF0A-B57F97E4CDEE}.Debug|Any CPU.ActiveCfg = Release|Any CPU
		{752CCEF6-C4C3-45AC-BF0A-B57F97E4CDEE}.Debug|Any CPU.Build.0 = Release|Any CPU
		{752CCEF6-C4C3-45AC-BF0A-B57F97E4CDEE}.Release|Any CPU.Deploy.0 = Release|Any CPU
	EndGlobalSection
EndGlobal
